
Microsoft Visual Studio Solution File, Format Version 12.00
# Visual Studio 15
VisualStudioVersion = 15.0.28307.1062
MinimumVisualStudioVersion = 10.0.40219.1
Project("{9A19103F-16F7-4668-BE54-9A1E7A4F7556}") = "PythonSmartCompiler.Driver", "PythonSmartCompiler.Driver\PythonSmartCompiler.Driver.csproj", "{A8ED0CB5-FEAA-4F9B-B5FC-8B630C5EAB91}"
EndProject
Project("{9A19103F-16F7-4668-BE54-9A1E7A4F7556}") = "PythonSmartCompiler.Compiler", "PythonSmartCompiler.Compiler\PythonSmartCompiler.Compiler.csproj", "{EEFD8D99-201F-47A0-8A6C-298D22E956F7}"
EndProject
Project("{FAE04EC0-301F-11D3-BF4B-00C04F79EFBC}") = "PythonSmartCompiler.Parser", "PythonSmartCompiler.Parser\PythonSmartCompiler.Parser.csproj", "{52D8987A-0BA5-4551-A50C-441C60CF5A44}"
EndProject
Global
	GlobalSection(SolutionConfigurationPlatforms) = preSolution
		Debug|Any CPU = Debug|Any CPU
		Release|Any CPU = Release|Any CPU
	EndGlobalSection
	GlobalSection(ProjectConfigurationPlatforms) = postSolution
		{A8ED0CB5-FEAA-4F9B-B5FC-8B630C5EAB91}.Debug|Any CPU.ActiveCfg = Debug|Any CPU
		{A8ED0CB5-FEAA-4F9B-B5FC-8B630C5EAB91}.Debug|Any CPU.Build.0 = Debug|Any CPU
		{A8ED0CB5-FEAA-4F9B-B5FC-8B630C5EAB91}.Release|Any CPU.ActiveCfg = Release|Any CPU
		{A8ED0CB5-FEAA-4F9B-B5FC-8B630C5EAB91}.Release|Any CPU.Build.0 = Release|Any CPU
		{EEFD8D99-201F-47A0-8A6C-298D22E956F7}.Debug|Any CPU.ActiveCfg = Debug|Any CPU
		{EEFD8D99-201F-47A0-8A6C-298D22E956F7}.Debug|Any CPU.Build.0 = Debug|Any CPU
		{EEFD8D99-201F-47A0-8A6C-298D22E956F7}.Release|Any CPU.ActiveCfg = Release|Any CPU
		{EEFD8D99-201F-47A0-8A6C-298D22E956F7}.Release|Any CPU.Build.0 = Release|Any CPU
		{52D8987A-0BA5-4551-A50C-441C60CF5A44}.Debug|Any CPU.ActiveCfg = Debug|Any CPU
		{52D8987A-0BA5-4551-A50C-441C60CF5A44}.Debug|Any CPU.Build.0 = Debug|Any CPU
		{52D8987A-0BA5-4551-A50C-441C60CF5A44}.Release|Any CPU.ActiveCfg = Release|Any CPU
		{52D8987A-0BA5-4551-A50C-441C60CF5A44}.Release|Any CPU.Build.0 = Release|Any CPU
	EndGlobalSection
	GlobalSection(SolutionProperties) = preSolution
		HideSolutionNode = FALSE
	EndGlobalSection
	GlobalSection(ExtensibilityGlobals) = postSolution
		SolutionGuid = {4D4B609A-081E-4F2F-A5BF-92109ABD71EE}
	EndGlobalSection
EndGlobal
